
Microsoft Visual Studio Solution File, Format Version 12.00
# Visual Studio Version 16
VisualStudioVersion = 16.0.30114.105
MinimumVisualStudioVersion = 15.0.26124.0
Project("{9A19103F-16F7-4668-BE54-9A1E7A4F7556}") = "Yak2D", "Yak2D\Yak2D.csproj", "{D6F8C240-46D3-4A5C-8E1D-A4049C8CC8C4}"
EndProject
Project("{9A19103F-16F7-4668-BE54-9A1E7A4F7556}") = "Yak2D.Api", "Yak2D.Api\Yak2D.Api.csproj", "{AA961CDC-6647-4DDC-928F-383F355CC222}"
EndProject
Project("{9A19103F-16F7-4668-BE54-9A1E7A4F7556}") = "Yak2D.Core", "Yak2D.Core\Yak2D.Core.csproj", "{44271264-2718-40FD-B9C3-65456059B406}"
EndProject
Project("{9A19103F-16F7-4668-BE54-9A1E7A4F7556}") = "Yak2D.Font", "Yak2D.Font\Yak2D.Font.csproj", "{3FD3CF74-7532-48C3-B33E-46565F460608}"
EndProject
Project("{9A19103F-16F7-4668-BE54-9A1E7A4F7556}") = "Yak2D.Input", "Yak2D.Input\Yak2D.Input.csproj", "{62F40C0A-D49E-4E3A-9B89-74F291335542}"
EndProject
Project("{9A19103F-16F7-4668-BE54-9A1E7A4F7556}") = "Yak2D.Internal", "Yak2D.Internal\Yak2D.Internal.csproj", "{77D82ECB-998E-4CB4-821B-B5CFDC657331}"
EndProject
Project("{9A19103F-16F7-4668-BE54-9A1E7A4F7556}") = "Yak2D.Surface", "Yak2D.Surface\Yak2D.Surface.csproj", "{0EE80F03-9FA9-4BB5-AA90-B99824DDC3A6}"
EndProject
Project("{9A19103F-16F7-4668-BE54-9A1E7A4F7556}") = "Yak2D.Utility", "Yak2D.Utility\Yak2D.Utility.csproj", "{0DB324B3-EC40-4A84-995F-21B0E7D41044}"
EndProject
Project("{9A19103F-16F7-4668-BE54-9A1E7A4F7556}") = "Yak2D.Tests", "Yak2D.Tests\Yak2D.Tests.csproj", "{DBD4804C-DE2D-4F2D-AB60-BFB5DD65201B}"
EndProject
Project("{FAE04EC0-301F-11D3-BF4B-00C04F79EFBC}") = "Yak2D.Graphics", "Yak2D.Graphics\Yak2D.Graphics.csproj", "{6FF50316-3B36-437A-B45B-329C4448D380}"
EndProject
Global
	GlobalSection(SolutionConfigurationPlatforms) = preSolution
		Debug|Any CPU = Debug|Any CPU
		Debug|x64 = Debug|x64
		Debug|x86 = Debug|x86
		Release|Any CPU = Release|Any CPU
		Release|x64 = Release|x64
		Release|x86 = Release|x86
	EndGlobalSection
	GlobalSection(ProjectConfigurationPlatforms) = postSolution
		{D6F8C240-46D3-4A5C-8E1D-A4049C8CC8C4}.Debug|Any CPU.ActiveCfg = Debug|Any CPU
		{D6F8C240-46D3-4A5C-8E1D-A4049C8CC8C4}.Debug|Any CPU.Build.0 = Debug|Any CPU
		{D6F8C240-46D3-4A5C-8E1D-A4049C8CC8C4}.Debug|x64.ActiveCfg = Debug|Any CPU
		{D6F8C240-46D3-4A5C-8E1D-A4049C8CC8C4}.Debug|x64.Build.0 = Debug|Any CPU
		{D6F8C240-46D3-4A5C-8E1D-A4049C8CC8C4}.Debug|x86.ActiveCfg = Debug|Any CPU
		{D6F8C240-46D3-4A5C-8E1D-A4049C8CC8C4}.Debug|x86.Build.0 = Debug|Any CPU
		{D6F8C240-46D3-4A5C-8E1D-A4049C8CC8C4}.Release|Any CPU.ActiveCfg = Release|Any CPU
		{D6F8C240-46D3-4A5C-8E1D-A4049C8CC8C4}.Release|Any CPU.Build.0 = Release|Any CPU
		{D6F8C240-46D3-4A5C-8E1D-A4049C8CC8C4}.Release|x64.ActiveCfg = Release|Any CPU
		{D6F8C240-46D3-4A5C-8E1D-A4049C8CC8C4}.Release|x64.Build.0 = Release|Any CPU
		{D6F8C240-46D3-4A5C-8E1D-A4049C8CC8C4}.Release|x86.ActiveCfg = Release|Any CPU
		{D6F8C240-46D3-4A5C-8E1D-A4049C8CC8C4}.Release|x86.Build.0 = Release|Any CPU
		{AA961CDC-6647-4DDC-928F-383F355CC222}.Debug|Any CPU.ActiveCfg = Debug|Any CPU
		{AA961CDC-6647-4DDC-928F-383F355CC222}.Debug|Any CPU.Build.0 = Debug|Any CPU
		{AA961CDC-6647-4DDC-928F-383F355CC222}.Debug|x64.ActiveCfg = Debug|Any CPU
		{AA961CDC-6647-4DDC-928F-383F355CC222}.Debug|x64.Build.0 = Debug|Any CPU
		{AA961CDC-6647-4DDC-928F-383F355CC222}.Debug|x86.ActiveCfg = Debug|Any CPU
		{AA961CDC-6647-4DDC-928F-383F355CC222}.Debug|x86.Build.0 = Debug|Any CPU
		{AA961CDC-6647-4DDC-928F-383F355CC222}.Release|Any CPU.ActiveCfg = Release|Any CPU
		{AA961CDC-6647-4DDC-928F-383F355CC222}.Release|Any CPU.Build.0 = Release|Any CPU
		{AA961CDC-6647-4DDC-928F-383F355CC222}.Release|x64.ActiveCfg = Release|Any CPU
		{AA961CDC-6647-4DDC-928F-383F355CC222}.Release|x64.Build.0 = Release|Any CPU
		{AA961CDC-6647-4DDC-928F-383F355CC222}.Release|x86.ActiveCfg = Release|Any CPU
		{AA961CDC-6647-4DDC-928F-383F355CC222}.Release|x86.Build.0 = Release|Any CPU
		{44271264-2718-40FD-B9C3-65456059B406}.Debug|Any CPU.ActiveCfg = Debug|Any CPU
		{44271264-2718-40FD-B9C3-65456059B406}.Debug|Any CPU.Build.0 = Debug|Any CPU
		{44271264-2718-40FD-B9C3-65456059B406}.Debug|x64.ActiveCfg = Debug|Any CPU
		{44271264-2718-40FD-B9C3-65456059B406}.Debug|x64.Build.0 = Debug|Any CPU
		{44271264-2718-40FD-B9C3-65456059B406}.Debug|x86.ActiveCfg = Debug|Any CPU
		{44271264-2718-40FD-B9C3-65456059B406}.Debug|x86.Build.0 = Debug|Any CPU
		{44271264-2718-40FD-B9C3-65456059B406}.Release|Any CPU.ActiveCfg = Release|Any CPU
		{44271264-2718-40FD-B9C3-65456059B406}.Release|Any CPU.Build.0 = Release|Any CPU
		{44271264-2718-40FD-B9C3-65456059B406}.Release|x64.ActiveCfg = Release|Any CPU
		{44271264-2718-40FD-B9C3-65456059B406}.Release|x64.Build.0 = Release|Any CPU
		{44271264-2718-40FD-B9C3-65456059B406}.Release|x86.ActiveCfg = Release|Any CPU
		{44271264-2718-40FD-B9C3-65456059B406}.Release|x86.Build.0 = Release|Any CPU
		{3FD3CF74-7532-48C3-B33E-46565F460608}.Debug|Any CPU.ActiveCfg = Debug|Any CPU
		{3FD3CF74-7532-48C3-B33E-46565F460608}.Debug|Any CPU.Build.0 = Debug|Any CPU
		{3FD3CF74-7532-48C3-B33E-46565F460608}.Debug|x64.ActiveCfg = Debug|Any CPU
		{3FD3CF74-7532-48C3-B33E-46565F460608}.Debug|x64.Build.0 = Debug|Any CPU
		{3FD3CF74-7532-48C3-B33E-46565F460608}.Debug|x86.ActiveCfg = Debug|Any CPU
		{3FD3CF74-7532-48C3-B33E-46565F460608}.Debug|x86.Build.0 = Debug|Any CPU
		{3FD3CF74-7532-48C3-B33E-46565F460608}.Release|Any CPU.ActiveCfg = Release|Any CPU
		{3FD3CF74-7532-48C3-B33E-46565F460608}.Release|Any CPU.Build.0 = Release|Any CPU
		{3FD3CF74-7532-48C3-B33E-46565F460608}.Release|x64.ActiveCfg = Release|Any CPU
		{3FD3CF74-7532-48C3-B33E-46565F460608}.Release|x64.Build.0 = Release|Any CPU
		{3FD3CF74-7532-48C3-B33E-46565F460608}.Release|x86.ActiveCfg = Release|Any CPU
		{3FD3CF74-7532-48C3-B33E-46565F460608}.Release|x86.Build.0 = Release|Any CPU
		{62F40C0A-D49E-4E3A-9B89-74F291335542}.Debug|Any CPU.ActiveCfg = Debug|Any CPU
		{62F40C0A-D49E-4E3A-9B89-74F291335542}.Debug|Any CPU.Build.0 = Debug|Any CPU
		{62F40C0A-D49E-4E3A-9B89-74F291335542}.Debug|x64.ActiveCfg = Debug|Any CPU
		{62F40C0A-D49E-4E3A-9B89-74F291335542}.Debug|x64.Build.0 = Debug|Any CPU
		{62F40C0A-D49E-4E3A-9B89-74F291335542}.Debug|x86.ActiveCfg = Debug|Any CPU
		{62F40C0A-D49E-4E3A-9B89-74F291335542}.Debug|x86.Build.0 = Debug|Any CPU
		{62F40C0A-D49E-4E3A-9B89-74F291335542}.Release|Any CPU.ActiveCfg = Release|Any CPU
		{62F40C0A-D49E-4E3A-9B89-74F291335542}.Release|Any CPU.Build.0 = Release|Any CPU
		{62F40C0A-D49E-4E3A-9B89-74F291335542}.Release|x64.ActiveCfg = Release|Any CPU
		{62F40C0A-D49E-4E3A-9B89-74F291335542}.Release|x64.Build.0 = Release|Any CPU
		{62F40C0A-D49E-4E3A-9B89-74F291335542}.Release|x86.ActiveCfg = Release|Any CPU
		{62F40C0A-D49E-4E3A-9B89-74F291335542}.Release|x86.Build.0 = Release|Any CPU
		{77D82ECB-998E-4CB4-821B-B5CFDC657331}.Debug|Any CPU.ActiveCfg = Debug|Any CPU
		{77D82ECB-998E-4CB4-821B-B5CFDC657331}.Debug|Any CPU.Build.0 = Debug|Any CPU
		{77D82ECB-998E-4CB4-821B-B5CFDC657331}.Debug|x64.ActiveCfg = Debug|Any CPU
		{77D82ECB-998E-4CB4-821B-B5CFDC657331}.Debug|x64.Build.0 = Debug|Any CPU
		{77D82ECB-998E-4CB4-821B-B5CFDC657331}.Debug|x86.ActiveCfg = Debug|Any CPU
		{77D82ECB-998E-4CB4-821B-B5CFDC657331}.Debug|x86.Build.0 = Debug|Any CPU
		{77D82ECB-998E-4CB4-821B-B5CFDC657331}.Release|Any CPU.ActiveCfg = Release|Any CPU
		{77D82ECB-998E-4CB4-821B-B5CFDC657331}.Release|Any CPU.Build.0 = Release|Any CPU
		{77D82ECB-998E-4CB4-821B-B5CFDC657331}.Release|x64.ActiveCfg = Release|Any CPU
		{77D82ECB-998E-4CB4-821B-B5CFDC657331}.Release|x64.Build.0 = Release|Any CPU
		{77D82ECB-998E-4CB4-821B-B5CFDC657331}.Release|x86.ActiveCfg = Release|Any CPU
		{77D82ECB-998E-4CB4-821B-B5CFDC657331}.Release|x86.Build.0 = Release|Any CPU
		{F5C59E1B-6EB0-44BE-98B1-AB9E75B898FB}.Debug|Any CPU.ActiveCfg = Debug|Any CPU
		{F5C59E1B-6EB0-44BE-98B1-AB9E75B898FB}.Debug|Any CPU.Build.0 = Debug|Any CPU
		{F5C59E1B-6EB0-44BE-98B1-AB9E75B898FB}.Debug|x64.ActiveCfg = Debug|Any CPU
		{F5C59E1B-6EB0-44BE-98B1-AB9E75B898FB}.Debug|x64.Build.0 = Debug|Any CPU
		{F5C59E1B-6EB0-44BE-98B1-AB9E75B898FB}.Debug|x86.ActiveCfg = Debug|Any CPU
		{F5C59E1B-6EB0-44BE-98B1-AB9E75B898FB}.Debug|x86.Build.0 = Debug|Any CPU
		{F5C59E1B-6EB0-44BE-98B1-AB9E75B898FB}.Release|Any CPU.ActiveCfg = Release|Any CPU
		{F5C59E1B-6EB0-44BE-98B1-AB9E75B898FB}.Release|Any CPU.Build.0 = Release|Any CPU
		{F5C59E1B-6EB0-44BE-98B1-AB9E75B898FB}.Release|x64.ActiveCfg = Release|Any CPU
		{F5C59E1B-6EB0-44BE-98B1-AB9E75B898FB}.Release|x64.Build.0 = Release|Any CPU
		{F5C59E1B-6EB0-44BE-98B1-AB9E75B898FB}.Release|x86.ActiveCfg = Release|Any CPU
		{F5C59E1B-6EB0-44BE-98B1-AB9E75B898FB}.Release|x86.Build.0 = Release|Any CPU
		{0EE80F03-9FA9-4BB5-AA90-B99824DDC3A6}.Debug|Any CPU.ActiveCfg = Debug|Any CPU
		{0EE80F03-9FA9-4BB5-AA90-B99824DDC3A6}.Debug|Any CPU.Build.0 = Debug|Any CPU
		{0EE80F03-9FA9-4BB5-AA90-B99824DDC3A6}.Debug|x64.ActiveCfg = Debug|Any CPU
		{0EE80F03-9FA9-4BB5-AA90-B99824DDC3A6}.Debug|x64.Build.0 = Debug|Any CPU
		{0EE80F03-9FA9-4BB5-AA90-B99824DDC3A6}.Debug|x86.ActiveCfg = Debug|Any CPU
		{0EE80F03-9FA9-4BB5-AA90-B99824DDC3A6}.Debug|x86.Build.0 = Debug|Any CPU
		{0EE80F03-9FA9-4BB5-AA90-B99824DDC3A6}.Release|Any CPU.ActiveCfg = Release|Any CPU
		{0EE80F03-9FA9-4BB5-AA90-B99824DDC3A6}.Release|Any CPU.Build.0 = Release|Any CPU
		{0EE80F03-9FA9-4BB5-AA90-B99824DDC3A6}.Release|x64.ActiveCfg = Release|Any CPU
		{0EE80F03-9FA9-4BB5-AA90-B99824DDC3A6}.Release|x64.Build.0 = Release|Any CPU
		{0EE80F03-9FA9-4BB5-AA90-B99824DDC3A6}.Release|x86.ActiveCfg = Release|Any CPU
		{0EE80F03-9FA9-4BB5-AA90-B99824DDC3A6}.Release|x86.Build.0 = Release|Any CPU
		{0DB324B3-EC40-4A84-995F-21B0E7D41044}.Debug|Any CPU.ActiveCfg = Debug|Any CPU
		{0DB324B3-EC40-4A84-995F-21B0E7D41044}.Debug|Any CPU.Build.0 = Debug|Any CPU
		{0DB324B3-EC40-4A84-995F-21B0E7D41044}.Debug|x64.ActiveCfg = Debug|Any CPU
		{0DB324B3-EC40-4A84-995F-21B0E7D41044}.Debug|x64.Build.0 = Debug|Any CPU
		{0DB324B3-EC40-4A84-995F-21B0E7D41044}.Debug|x86.ActiveCfg = Debug|Any CPU
		{0DB324B3-EC40-4A84-995F-21B0E7D41044}.Debug|x86.Build.0 = Debug|Any CPU
		{0DB324B3-EC40-4A84-995F-21B0E7D41044}.Release|Any CPU.ActiveCfg = Release|Any CPU
		{0DB324B3-EC40-4A84-995F-21B0E7D41044}.Release|Any CPU.Build.0 = Release|Any CPU
		{0DB324B3-EC40-4A84-995F-21B0E7D41044}.Release|x64.ActiveCfg = Release|Any CPU
		{0DB324B3-EC40-4A84-995F-21B0E7D41044}.Release|x64.Build.0 = Release|Any CPU
		{0DB324B3-EC40-4A84-995F-21B0E7D41044}.Release|x86.ActiveCfg = Release|Any CPU
		{0DB324B3-EC40-4A84-995F-21B0E7D41044}.Release|x86.Build.0 = Release|Any CPU
		{DBD4804C-DE2D-4F2D-AB60-BFB5DD65201B}.Debug|Any CPU.ActiveCfg = Debug|Any CPU
		{DBD4804C-DE2D-4F2D-AB60-BFB5DD65201B}.Debug|Any CPU.Build.0 = Debug|Any CPU
		{DBD4804C-DE2D-4F2D-AB60-BFB5DD65201B}.Debug|x64.ActiveCfg = Debug|Any CPU
		{DBD4804C-DE2D-4F2D-AB60-BFB5DD65201B}.Debug|x64.Build.0 = Debug|Any CPU
		{DBD4804C-DE2D-4F2D-AB60-BFB5DD65201B}.Debug|x86.ActiveCfg = Debug|Any CPU
		{DBD4804C-DE2D-4F2D-AB60-BFB5DD65201B}.Debug|x86.Build.0 = Debug|Any CPU
		{DBD4804C-DE2D-4F2D-AB60-BFB5DD65201B}.Release|Any CPU.ActiveCfg = Release|Any CPU
		{DBD4804C-DE2D-4F2D-AB60-BFB5DD65201B}.Release|Any CPU.Build.0 = Release|Any CPU
		{DBD4804C-DE2D-4F2D-AB60-BFB5DD65201B}.Release|x64.ActiveCfg = Release|Any CPU
		{DBD4804C-DE2D-4F2D-AB60-BFB5DD65201B}.Release|x64.Build.0 = Release|Any CPU
		{DBD4804C-DE2D-4F2D-AB60-BFB5DD65201B}.Release|x86.ActiveCfg = Release|Any CPU
		{DBD4804C-DE2D-4F2D-AB60-BFB5DD65201B}.Release|x86.Build.0 = Release|Any CPU
		{6FF50316-3B36-437A-B45B-329C4448D380}.Debug|Any CPU.ActiveCfg = Debug|Any CPU
		{6FF50316-3B36-437A-B45B-329C4448D380}.Debug|Any CPU.Build.0 = Debug|Any CPU
		{6FF50316-3B36-437A-B45B-329C4448D380}.Debug|x64.ActiveCfg = Debug|Any CPU
		{6FF50316-3B36-437A-B45B-329C4448D380}.Debug|x64.Build.0 = Debug|Any CPU
		{6FF50316-3B36-437A-B45B-329C4448D380}.Debug|x86.ActiveCfg = Debug|Any CPU
		{6FF50316-3B36-437A-B45B-329C4448D380}.Debug|x86.Build.0 = Debug|Any CPU
		{6FF50316-3B36-437A-B45B-329C4448D380}.Release|Any CPU.ActiveCfg = Release|Any CPU
		{6FF50316-3B36-437A-B45B-329C4448D380}.Release|Any CPU.Build.0 = Release|Any CPU
		{6FF50316-3B36-437A-B45B-329C4448D380}.Release|x64.ActiveCfg = Release|Any CPU
		{6FF50316-3B36-437A-B45B-329C4448D380}.Release|x64.Build.0 = Release|Any CPU
		{6FF50316-3B36-437A-B45B-329C4448D380}.Release|x86.ActiveCfg = Release|Any CPU
		{6FF50316-3B36-437A-B45B-329C4448D380}.Release|x86.Build.0 = Release|Any CPU
	EndGlobalSection
	GlobalSection(SolutionProperties) = preSolution
		HideSolutionNode = FALSE
	EndGlobalSection
	GlobalSection(ExtensibilityGlobals) = postSolution
		SolutionGuid = {776BF9E2-1BB4-4DC0-B402-C0697638A958}
	EndGlobalSection
EndGlobal
